
Microsoft Visual Studio Solution File, Format Version 12.00
# Visual Studio Version 16
VisualStudioVersion = 16.0.30709.132
MinimumVisualStudioVersion = 10.0.40219.1
Project("{9A19103F-16F7-4668-BE54-9A1E7A4F7556}") = "Desk.Infrastructure", "src\Desk.Infrastructure\Desk.Infrastructure.csproj", "{D9E3D2FC-ADA4-4069-89B8-04263DF26F9A}"
EndProject
Project("{9A19103F-16F7-4668-BE54-9A1E7A4F7556}") = "Desk.Infrastructure.Test", "test\Desk.Infrastructure.Test\Desk.Infrastructure.Test.csproj", "{9ED6539D-2766-4A4E-B183-A0C287A23C94}"
EndProject
Project("{2150E333-8FDC-42A3-9474-1A3956D46DE8}") = "app", "app", "{E050EB64-4E41-44BE-AAE7-96FF43BB5D82}"
EndProject
Project("{2150E333-8FDC-42A3-9474-1A3956D46DE8}") = "demo", "demo", "{8A7CA0A5-C2ED-4661-9296-9E90EB975ED0}"
EndProject
Project("{9A19103F-16F7-4668-BE54-9A1E7A4F7556}") = "Desk.WebMvc", "src\Desk.WebMvc\Desk.WebMvc.csproj", "{DFC284BA-A310-42A2-880A-BAF49A441363}"
EndProject
Project("{9A19103F-16F7-4668-BE54-9A1E7A4F7556}") = "Desk.Win", "src\Desk.Win\Desk.Win.csproj", "{5FF18D3A-C2E1-4102-8BF5-EA631B9EF1E7}"
EndProject
Project("{9A19103F-16F7-4668-BE54-9A1E7A4F7556}") = "Desk.Demo.Client.Wpf", "..\Demo\Desk.Demo.Client.Wpf\Desk.Demo.Client.Wpf.csproj", "{F177A0CC-7CF6-4A79-AEC1-5DED69331F82}"
EndProject
Global
	GlobalSection(SolutionConfigurationPlatforms) = preSolution
		Debug|Any CPU = Debug|Any CPU
		Release|Any CPU = Release|Any CPU
	EndGlobalSection
	GlobalSection(ProjectConfigurationPlatforms) = postSolution
		{D9E3D2FC-ADA4-4069-89B8-04263DF26F9A}.Debug|Any CPU.ActiveCfg = Debug|Any CPU
		{D9E3D2FC-ADA4-4069-89B8-04263DF26F9A}.Debug|Any CPU.Build.0 = Debug|Any CPU
		{D9E3D2FC-ADA4-4069-89B8-04263DF26F9A}.Release|Any CPU.ActiveCfg = Release|Any CPU
		{D9E3D2FC-ADA4-4069-89B8-04263DF26F9A}.Release|Any CPU.Build.0 = Release|Any CPU
		{9ED6539D-2766-4A4E-B183-A0C287A23C94}.Debug|Any CPU.ActiveCfg = Debug|Any CPU
		{9ED6539D-2766-4A4E-B183-A0C287A23C94}.Debug|Any CPU.Build.0 = Debug|Any CPU
		{9ED6539D-2766-4A4E-B183-A0C287A23C94}.Release|Any CPU.ActiveCfg = Release|Any CPU
		{9ED6539D-2766-4A4E-B183-A0C287A23C94}.Release|Any CPU.Build.0 = Release|Any CPU
		{DFC284BA-A310-42A2-880A-BAF49A441363}.Debug|Any CPU.ActiveCfg = Debug|Any CPU
		{DFC284BA-A310-42A2-880A-BAF49A441363}.Debug|Any CPU.Build.0 = Debug|Any CPU
		{DFC284BA-A310-42A2-880A-BAF49A441363}.Release|Any CPU.ActiveCfg = Release|Any CPU
		{DFC284BA-A310-42A2-880A-BAF49A441363}.Release|Any CPU.Build.0 = Release|Any CPU
		{5FF18D3A-C2E1-4102-8BF5-EA631B9EF1E7}.Debug|Any CPU.ActiveCfg = Debug|Any CPU
		{5FF18D3A-C2E1-4102-8BF5-EA631B9EF1E7}.Debug|Any CPU.Build.0 = Debug|Any CPU
		{5FF18D3A-C2E1-4102-8BF5-EA631B9EF1E7}.Release|Any CPU.ActiveCfg = Release|Any CPU
		{5FF18D3A-C2E1-4102-8BF5-EA631B9EF1E7}.Release|Any CPU.Build.0 = Release|Any CPU
		{F177A0CC-7CF6-4A79-AEC1-5DED69331F82}.Debug|Any CPU.ActiveCfg = Debug|Any CPU
		{F177A0CC-7CF6-4A79-AEC1-5DED69331F82}.Debug|Any CPU.Build.0 = Debug|Any CPU
		{F177A0CC-7CF6-4A79-AEC1-5DED69331F82}.Release|Any CPU.ActiveCfg = Release|Any CPU
		{F177A0CC-7CF6-4A79-AEC1-5DED69331F82}.Release|Any CPU.Build.0 = Release|Any CPU
	EndGlobalSection
	GlobalSection(SolutionProperties) = preSolution
		HideSolutionNode = FALSE
	EndGlobalSection
	GlobalSection(NestedProjects) = preSolution
		{D9E3D2FC-ADA4-4069-89B8-04263DF26F9A} = {E050EB64-4E41-44BE-AAE7-96FF43BB5D82}
		{9ED6539D-2766-4A4E-B183-A0C287A23C94} = {E050EB64-4E41-44BE-AAE7-96FF43BB5D82}
		{DFC284BA-A310-42A2-880A-BAF49A441363} = {E050EB64-4E41-44BE-AAE7-96FF43BB5D82}
		{5FF18D3A-C2E1-4102-8BF5-EA631B9EF1E7} = {E050EB64-4E41-44BE-AAE7-96FF43BB5D82}
		{F177A0CC-7CF6-4A79-AEC1-5DED69331F82} = {8A7CA0A5-C2ED-4661-9296-9E90EB975ED0}
	EndGlobalSection
	GlobalSection(ExtensibilityGlobals) = postSolution
		SolutionGuid = {9EDF470C-CD1D-4FF0-A857-50CB74179B1F}
	EndGlobalSection
EndGlobal
