
Microsoft Visual Studio Solution File, Format Version 12.00
# Visual Studio Version 16
VisualStudioVersion = 16.0.30709.132
MinimumVisualStudioVersion = 10.0.40219.1
Project("{9A19103F-16F7-4668-BE54-9A1E7A4F7556}") = "Desk.Gist", "src\Desk.Gist\Desk.Gist.csproj", "{73595992-F89A-4DC3-B9F5-21ABDAED3C00}"
EndProject
Project("{9A19103F-16F7-4668-BE54-9A1E7A4F7556}") = "Desk.Gist.Test", "test\Desk.Gist.Test\Desk.Gist.Test.csproj", "{81679768-B930-483C-830E-0B01C7DD70A1}"
EndProject
Project("{9A19103F-16F7-4668-BE54-9A1E7A4F7556}") = "Desk.Gist.Test.ConsoleApp", "src\Desk.Gist.Test.ConsoleApp\Desk.Gist.Test.ConsoleApp.csproj", "{A91BDAE6-B5EE-4B0F-98EE-186500FE87F1}"
EndProject
Project("{9A19103F-16F7-4668-BE54-9A1E7A4F7556}") = "Desk.Gist.Winform", "src\Desk.Gist.Winform\Desk.Gist.Winform.csproj", "{2DF4CDDD-7924-475F-B626-CE5DE8F338EE}"
EndProject
Project("{9A19103F-16F7-4668-BE54-9A1E7A4F7556}") = "Desk.Gist.WPF", "src\Desk.Gist.WPF\Desk.Gist.WPF.csproj", "{530B92A9-F256-4643-B2D0-C0E1C763472C}"
EndProject
Project("{2150E333-8FDC-42A3-9474-1A3956D46DE8}") = "00-Readme", "00-Readme", "{2D1E89E0-44D8-49BA-BA51-A157B82F526D}"
	ProjectSection(SolutionItems) = preProject
		..\README.md = ..\README.md
	EndProjectSection
EndProject
Project("{9A19103F-16F7-4668-BE54-9A1E7A4F7556}") = "Desk.Gist.WebApi", "src\Desk.Gist.WebApi\Desk.Gist.WebApi.csproj", "{6664116A-B5CB-406F-8722-2DB4A1333990}"
EndProject
Project("{2150E333-8FDC-42A3-9474-1A3956D46DE8}") = "00-Demo", "00-Demo", "{9958F009-445B-471F-BDC5-F772237DEC14}"
EndProject
Project("{9A19103F-16F7-4668-BE54-9A1E7A4F7556}") = "Desk.Gist.Demo", "src\Demo\Desk.Gist.Demo\Desk.Gist.Demo.csproj", "{7FB349ED-54AE-4F41-8E28-72871BE59E3F}"
EndProject
Project("{9A19103F-16F7-4668-BE54-9A1E7A4F7556}") = "Desk.Gist.Demo.AngleSharpGist", "src\Demo\Desk.Gist.Demo.AngleSharpGist\Desk.Gist.Demo.AngleSharpGist.csproj", "{A0D9C83F-6AAC-4609-8C2F-E49B167B9F23}"
EndProject
Project("{9A19103F-16F7-4668-BE54-9A1E7A4F7556}") = "Desk.Gist.Demo.WinformApp", "src\Demo\Desk.Gist.Demo.Client.WinformApp\Desk.Gist.Demo.WinformApp.csproj", "{D27E5A30-2879-4609-B06C-7D2F7DF914FF}"
EndProject
Project("{9A19103F-16F7-4668-BE54-9A1E7A4F7556}") = "Desk.Gist.Demo.MagicodesIEGist", "src\Demo\Desk.Gist.Demo.MagicodesIEGist\Desk.Gist.Demo.MagicodesIEGist.csproj", "{2922031A-358D-4262-BF13-68FFFA36C503}"
EndProject
Project("{FAE04EC0-301F-11D3-BF4B-00C04F79EFBC}") = "Desk.Gist.Demo.TraditionalWinform", "src\Demo\Desk.Gist.Demo.TraditionalWinform\Desk.Gist.Demo.TraditionalWinform.csproj", "{D60F7EEE-5F98-4C67-95DC-7778540AF3E9}"
EndProject
Project("{9A19103F-16F7-4668-BE54-9A1E7A4F7556}") = "Desk.Gist.SignalRDemo", "src\Demo\Desk.Gist.SignalRDemo\Desk.Gist.SignalRDemo.csproj", "{47051522-26A5-4200-927A-87FC4927F172}"
EndProject
Project("{9A19103F-16F7-4668-BE54-9A1E7A4F7556}") = "Desk.Gist.Security", "src\Desk.Gist.Security\Desk.Gist.Security.csproj", "{B53CC3F6-7EEA-4B2E-9126-1B9544224110}"
EndProject
Project("{2150E333-8FDC-42A3-9474-1A3956D46DE8}") = "10-Default", "10-Default", "{9DCD23C0-6EB8-4628-AD05-E8F9ABC83CE0}"
EndProject
Project("{FAE04EC0-301F-11D3-BF4B-00C04F79EFBC}") = "Desk.Gist.WorkerServiceDemo", "src\Desk.Gist.WorkerServiceDemo\Desk.Gist.WorkerServiceDemo.csproj", "{89AA19C9-9A05-402E-AE60-C1F4892B15EB}"
EndProject
Global
	GlobalSection(SolutionConfigurationPlatforms) = preSolution
		Debug|Any CPU = Debug|Any CPU
		Release|Any CPU = Release|Any CPU
	EndGlobalSection
	GlobalSection(ProjectConfigurationPlatforms) = postSolution
		{73595992-F89A-4DC3-B9F5-21ABDAED3C00}.Debug|Any CPU.ActiveCfg = Debug|Any CPU
		{73595992-F89A-4DC3-B9F5-21ABDAED3C00}.Debug|Any CPU.Build.0 = Debug|Any CPU
		{73595992-F89A-4DC3-B9F5-21ABDAED3C00}.Release|Any CPU.ActiveCfg = Release|Any CPU
		{73595992-F89A-4DC3-B9F5-21ABDAED3C00}.Release|Any CPU.Build.0 = Release|Any CPU
		{81679768-B930-483C-830E-0B01C7DD70A1}.Debug|Any CPU.ActiveCfg = Debug|Any CPU
		{81679768-B930-483C-830E-0B01C7DD70A1}.Debug|Any CPU.Build.0 = Debug|Any CPU
		{81679768-B930-483C-830E-0B01C7DD70A1}.Release|Any CPU.ActiveCfg = Release|Any CPU
		{81679768-B930-483C-830E-0B01C7DD70A1}.Release|Any CPU.Build.0 = Release|Any CPU
		{A91BDAE6-B5EE-4B0F-98EE-186500FE87F1}.Debug|Any CPU.ActiveCfg = Debug|Any CPU
		{A91BDAE6-B5EE-4B0F-98EE-186500FE87F1}.Debug|Any CPU.Build.0 = Debug|Any CPU
		{A91BDAE6-B5EE-4B0F-98EE-186500FE87F1}.Release|Any CPU.ActiveCfg = Release|Any CPU
		{A91BDAE6-B5EE-4B0F-98EE-186500FE87F1}.Release|Any CPU.Build.0 = Release|Any CPU
		{2DF4CDDD-7924-475F-B626-CE5DE8F338EE}.Debug|Any CPU.ActiveCfg = Debug|Any CPU
		{2DF4CDDD-7924-475F-B626-CE5DE8F338EE}.Debug|Any CPU.Build.0 = Debug|Any CPU
		{2DF4CDDD-7924-475F-B626-CE5DE8F338EE}.Release|Any CPU.ActiveCfg = Release|Any CPU
		{2DF4CDDD-7924-475F-B626-CE5DE8F338EE}.Release|Any CPU.Build.0 = Release|Any CPU
		{530B92A9-F256-4643-B2D0-C0E1C763472C}.Debug|Any CPU.ActiveCfg = Debug|Any CPU
		{530B92A9-F256-4643-B2D0-C0E1C763472C}.Debug|Any CPU.Build.0 = Debug|Any CPU
		{530B92A9-F256-4643-B2D0-C0E1C763472C}.Release|Any CPU.ActiveCfg = Release|Any CPU
		{530B92A9-F256-4643-B2D0-C0E1C763472C}.Release|Any CPU.Build.0 = Release|Any CPU
		{6664116A-B5CB-406F-8722-2DB4A1333990}.Debug|Any CPU.ActiveCfg = Debug|Any CPU
		{6664116A-B5CB-406F-8722-2DB4A1333990}.Debug|Any CPU.Build.0 = Debug|Any CPU
		{6664116A-B5CB-406F-8722-2DB4A1333990}.Release|Any CPU.ActiveCfg = Release|Any CPU
		{6664116A-B5CB-406F-8722-2DB4A1333990}.Release|Any CPU.Build.0 = Release|Any CPU
		{7FB349ED-54AE-4F41-8E28-72871BE59E3F}.Debug|Any CPU.ActiveCfg = Debug|Any CPU
		{7FB349ED-54AE-4F41-8E28-72871BE59E3F}.Debug|Any CPU.Build.0 = Debug|Any CPU
		{7FB349ED-54AE-4F41-8E28-72871BE59E3F}.Release|Any CPU.ActiveCfg = Release|Any CPU
		{7FB349ED-54AE-4F41-8E28-72871BE59E3F}.Release|Any CPU.Build.0 = Release|Any CPU
		{A0D9C83F-6AAC-4609-8C2F-E49B167B9F23}.Debug|Any CPU.ActiveCfg = Debug|Any CPU
		{A0D9C83F-6AAC-4609-8C2F-E49B167B9F23}.Debug|Any CPU.Build.0 = Debug|Any CPU
		{A0D9C83F-6AAC-4609-8C2F-E49B167B9F23}.Release|Any CPU.ActiveCfg = Release|Any CPU
		{A0D9C83F-6AAC-4609-8C2F-E49B167B9F23}.Release|Any CPU.Build.0 = Release|Any CPU
		{D27E5A30-2879-4609-B06C-7D2F7DF914FF}.Debug|Any CPU.ActiveCfg = Debug|Any CPU
		{D27E5A30-2879-4609-B06C-7D2F7DF914FF}.Debug|Any CPU.Build.0 = Debug|Any CPU
		{D27E5A30-2879-4609-B06C-7D2F7DF914FF}.Release|Any CPU.ActiveCfg = Release|Any CPU
		{D27E5A30-2879-4609-B06C-7D2F7DF914FF}.Release|Any CPU.Build.0 = Release|Any CPU
		{2922031A-358D-4262-BF13-68FFFA36C503}.Debug|Any CPU.ActiveCfg = Debug|Any CPU
		{2922031A-358D-4262-BF13-68FFFA36C503}.Debug|Any CPU.Build.0 = Debug|Any CPU
		{2922031A-358D-4262-BF13-68FFFA36C503}.Release|Any CPU.ActiveCfg = Release|Any CPU
		{2922031A-358D-4262-BF13-68FFFA36C503}.Release|Any CPU.Build.0 = Release|Any CPU
		{D60F7EEE-5F98-4C67-95DC-7778540AF3E9}.Debug|Any CPU.ActiveCfg = Debug|Any CPU
		{D60F7EEE-5F98-4C67-95DC-7778540AF3E9}.Debug|Any CPU.Build.0 = Debug|Any CPU
		{D60F7EEE-5F98-4C67-95DC-7778540AF3E9}.Release|Any CPU.ActiveCfg = Release|Any CPU
		{D60F7EEE-5F98-4C67-95DC-7778540AF3E9}.Release|Any CPU.Build.0 = Release|Any CPU
		{47051522-26A5-4200-927A-87FC4927F172}.Debug|Any CPU.ActiveCfg = Debug|Any CPU
		{47051522-26A5-4200-927A-87FC4927F172}.Debug|Any CPU.Build.0 = Debug|Any CPU
		{47051522-26A5-4200-927A-87FC4927F172}.Release|Any CPU.ActiveCfg = Release|Any CPU
		{47051522-26A5-4200-927A-87FC4927F172}.Release|Any CPU.Build.0 = Release|Any CPU
		{B53CC3F6-7EEA-4B2E-9126-1B9544224110}.Debug|Any CPU.ActiveCfg = Debug|Any CPU
		{B53CC3F6-7EEA-4B2E-9126-1B9544224110}.Debug|Any CPU.Build.0 = Debug|Any CPU
		{B53CC3F6-7EEA-4B2E-9126-1B9544224110}.Release|Any CPU.ActiveCfg = Release|Any CPU
		{B53CC3F6-7EEA-4B2E-9126-1B9544224110}.Release|Any CPU.Build.0 = Release|Any CPU
		{89AA19C9-9A05-402E-AE60-C1F4892B15EB}.Debug|Any CPU.ActiveCfg = Debug|Any CPU
		{89AA19C9-9A05-402E-AE60-C1F4892B15EB}.Debug|Any CPU.Build.0 = Debug|Any CPU
		{89AA19C9-9A05-402E-AE60-C1F4892B15EB}.Release|Any CPU.ActiveCfg = Release|Any CPU
		{89AA19C9-9A05-402E-AE60-C1F4892B15EB}.Release|Any CPU.Build.0 = Release|Any CPU
	EndGlobalSection
	GlobalSection(SolutionProperties) = preSolution
		HideSolutionNode = FALSE
	EndGlobalSection
	GlobalSection(NestedProjects) = preSolution
		{73595992-F89A-4DC3-B9F5-21ABDAED3C00} = {9DCD23C0-6EB8-4628-AD05-E8F9ABC83CE0}
		{81679768-B930-483C-830E-0B01C7DD70A1} = {9DCD23C0-6EB8-4628-AD05-E8F9ABC83CE0}
		{A91BDAE6-B5EE-4B0F-98EE-186500FE87F1} = {9DCD23C0-6EB8-4628-AD05-E8F9ABC83CE0}
		{2DF4CDDD-7924-475F-B626-CE5DE8F338EE} = {9DCD23C0-6EB8-4628-AD05-E8F9ABC83CE0}
		{530B92A9-F256-4643-B2D0-C0E1C763472C} = {9DCD23C0-6EB8-4628-AD05-E8F9ABC83CE0}
		{6664116A-B5CB-406F-8722-2DB4A1333990} = {9DCD23C0-6EB8-4628-AD05-E8F9ABC83CE0}
		{7FB349ED-54AE-4F41-8E28-72871BE59E3F} = {9958F009-445B-471F-BDC5-F772237DEC14}
		{A0D9C83F-6AAC-4609-8C2F-E49B167B9F23} = {9958F009-445B-471F-BDC5-F772237DEC14}
		{D27E5A30-2879-4609-B06C-7D2F7DF914FF} = {9958F009-445B-471F-BDC5-F772237DEC14}
		{2922031A-358D-4262-BF13-68FFFA36C503} = {9958F009-445B-471F-BDC5-F772237DEC14}
		{D60F7EEE-5F98-4C67-95DC-7778540AF3E9} = {9958F009-445B-471F-BDC5-F772237DEC14}
		{47051522-26A5-4200-927A-87FC4927F172} = {9958F009-445B-471F-BDC5-F772237DEC14}
		{B53CC3F6-7EEA-4B2E-9126-1B9544224110} = {9DCD23C0-6EB8-4628-AD05-E8F9ABC83CE0}
		{89AA19C9-9A05-402E-AE60-C1F4892B15EB} = {9958F009-445B-471F-BDC5-F772237DEC14}
	EndGlobalSection
	GlobalSection(ExtensibilityGlobals) = postSolution
		SolutionGuid = {5562638A-BC25-48DA-AAD8-743A2D23BAE0}
	EndGlobalSection
EndGlobal
