
Microsoft Visual Studio Solution File, Format Version 12.00
# Visual Studio Version 16
VisualStudioVersion = 16.0.30709.132
MinimumVisualStudioVersion = 10.0.40219.1
Project("{9A19103F-16F7-4668-BE54-9A1E7A4F7556}") = "Desk.Gist", "src\Desk.Gist\Desk.Gist.csproj", "{73595992-F89A-4DC3-B9F5-21ABDAED3C00}"
EndProject
Project("{9A19103F-16F7-4668-BE54-9A1E7A4F7556}") = "Desk.Gist.Test", "test\Desk.Gist.Test\Desk.Gist.Test.csproj", "{81679768-B930-483C-830E-0B01C7DD70A1}"
EndProject
Project("{9A19103F-16F7-4668-BE54-9A1E7A4F7556}") = "Desk.Gist.Test.ConsoleApp", "src\Desk.Gist.Test.ConsoleApp\Desk.Gist.Test.ConsoleApp.csproj", "{A91BDAE6-B5EE-4B0F-98EE-186500FE87F1}"
EndProject
Project("{FAE04EC0-301F-11D3-BF4B-00C04F79EFBC}") = "Desk.Gist.Winform", "src\Desk.Gist.Winform\Desk.Gist.Winform.csproj", "{2DF4CDDD-7924-475F-B626-CE5DE8F338EE}"
EndProject
Global
	GlobalSection(SolutionConfigurationPlatforms) = preSolution
		Debug|Any CPU = Debug|Any CPU
		Release|Any CPU = Release|Any CPU
	EndGlobalSection
	GlobalSection(ProjectConfigurationPlatforms) = postSolution
		{73595992-F89A-4DC3-B9F5-21ABDAED3C00}.Debug|Any CPU.ActiveCfg = Debug|Any CPU
		{73595992-F89A-4DC3-B9F5-21ABDAED3C00}.Debug|Any CPU.Build.0 = Debug|Any CPU
		{73595992-F89A-4DC3-B9F5-21ABDAED3C00}.Release|Any CPU.ActiveCfg = Release|Any CPU
		{73595992-F89A-4DC3-B9F5-21ABDAED3C00}.Release|Any CPU.Build.0 = Release|Any CPU
		{81679768-B930-483C-830E-0B01C7DD70A1}.Debug|Any CPU.ActiveCfg = Debug|Any CPU
		{81679768-B930-483C-830E-0B01C7DD70A1}.Debug|Any CPU.Build.0 = Debug|Any CPU
		{81679768-B930-483C-830E-0B01C7DD70A1}.Release|Any CPU.ActiveCfg = Release|Any CPU
		{81679768-B930-483C-830E-0B01C7DD70A1}.Release|Any CPU.Build.0 = Release|Any CPU
		{A91BDAE6-B5EE-4B0F-98EE-186500FE87F1}.Debug|Any CPU.ActiveCfg = Debug|Any CPU
		{A91BDAE6-B5EE-4B0F-98EE-186500FE87F1}.Debug|Any CPU.Build.0 = Debug|Any CPU
		{A91BDAE6-B5EE-4B0F-98EE-186500FE87F1}.Release|Any CPU.ActiveCfg = Release|Any CPU
		{A91BDAE6-B5EE-4B0F-98EE-186500FE87F1}.Release|Any CPU.Build.0 = Release|Any CPU
		{2DF4CDDD-7924-475F-B626-CE5DE8F338EE}.Debug|Any CPU.ActiveCfg = Debug|Any CPU
		{2DF4CDDD-7924-475F-B626-CE5DE8F338EE}.Debug|Any CPU.Build.0 = Debug|Any CPU
		{2DF4CDDD-7924-475F-B626-CE5DE8F338EE}.Release|Any CPU.ActiveCfg = Release|Any CPU
		{2DF4CDDD-7924-475F-B626-CE5DE8F338EE}.Release|Any CPU.Build.0 = Release|Any CPU
	EndGlobalSection
	GlobalSection(SolutionProperties) = preSolution
		HideSolutionNode = FALSE
	EndGlobalSection
	GlobalSection(ExtensibilityGlobals) = postSolution
		SolutionGuid = {5562638A-BC25-48DA-AAD8-743A2D23BAE0}
	EndGlobalSection
EndGlobal
